Microsoft Visual Studio Solution File, Format Version 12.00
# Visual Studio Version 17
VisualStudioVersion = 17.5.2.0
MinimumVisualStudioVersion = 10.0.40219.1
Project("{2150E333-8FDC-42A3-9474-1A3956D46DE8}") = "back_end_dotnet", "back_end_dotnet", "{4EC63118-DF5C-C06B-B0E7-90D805CF213F}"
EndProject
Project("{FAE04EC0-301F-11D3-BF4B-00C04F79EFBC}") = "back_end_dotnet", "back_end_dotnet\back_end_dotnet\back_end_dotnet.csproj", "{2542584B-38E3-943D-6E83-30AD9669D72A}"
EndProject
Global
	GlobalSection(SolutionConfigurationPlatforms) = preSolution
		Debug|Any CPU = Debug|Any CPU
		Release|Any CPU = Release|Any CPU
	EndGlobalSection
	GlobalSection(ProjectConfigurationPlatforms) = postSolution
		{2542584B-38E3-943D-6E83-30AD9669D72A}.Debug|Any CPU.ActiveCfg = Debug|Any CPU
		{2542584B-38E3-943D-6E83-30AD9669D72A}.Debug|Any CPU.Build.0 = Debug|Any CPU
		{2542584B-38E3-943D-6E83-30AD9669D72A}.Release|Any CPU.ActiveCfg = Release|Any CPU
		{2542584B-38E3-943D-6E83-30AD9669D72A}.Release|Any CPU.Build.0 = Release|Any CPU
	EndGlobalSection
	GlobalSection(SolutionProperties) = preSolution
		HideSolutionNode = FALSE
	EndGlobalSection
	GlobalSection(NestedProjects) = preSolution
		{2542584B-38E3-943D-6E83-30AD9669D72A} = {4EC63118-DF5C-C06B-B0E7-90D805CF213F}
	EndGlobalSection
	GlobalSection(ExtensibilityGlobals) = postSolution
		SolutionGuid = {B54364E9-4175-4F36-A9CD-6EFDC2406999}
	EndGlobalSection
EndGlobal
